
Microsoft Visual Studio Solution File, Format Version 12.00
# Visual Studio 15
VisualStudioVersion = 15.0.34729.27
MinimumVisualStudioVersion = 10.0.40219.1
Project("{FAE04EC0-301F-11D3-BF4B-00C04F79EFBC}") = "lab4-bai2", "lab4-bai2\lab4-bai2.csproj", "{E726B760-6545-462A-9E47-B8212B9733F3}"
EndProject
Project("{FAE04EC0-301F-11D3-BF4B-00C04F79EFBC}") = "lab4-bai3", "lab4-bai3\lab4-bai3.csproj", "{3EBA6A9D-739D-4515-9868-5E289F1F3C7D}"
EndProject
Project("{FAE04EC0-301F-11D3-BF4B-00C04F79EFBC}") = "lab4-bai4", "lab4-bai4\lab4-bai4.csproj", "{FF07B9CA-7FAD-4BCF-8921-AD9386188200}"
EndProject
Project("{FAE04EC0-301F-11D3-BF4B-00C04F79EFBC}") = "lab4-bai1", "lab4-bai1\lab4-bai1.csproj", "{156C438F-7220-4A39-BA2D-E30387798B2E}"
EndProject
Global
	GlobalSection(SolutionConfigurationPlatforms) = preSolution
		Debug|Any CPU = Debug|Any CPU
		Release|Any CPU = Release|Any CPU
	EndGlobalSection
	GlobalSection(ProjectConfigurationPlatforms) = postSolution
		{E726B760-6545-462A-9E47-B8212B9733F3}.Debug|Any CPU.ActiveCfg = Debug|Any CPU
		{E726B760-6545-462A-9E47-B8212B9733F3}.Debug|Any CPU.Build.0 = Debug|Any CPU
		{E726B760-6545-462A-9E47-B8212B9733F3}.Release|Any CPU.ActiveCfg = Release|Any CPU
		{E726B760-6545-462A-9E47-B8212B9733F3}.Release|Any CPU.Build.0 = Release|Any CPU
		{3EBA6A9D-739D-4515-9868-5E289F1F3C7D}.Debug|Any CPU.ActiveCfg = Debug|Any CPU
		{3EBA6A9D-739D-4515-9868-5E289F1F3C7D}.Debug|Any CPU.Build.0 = Debug|Any CPU
		{3EBA6A9D-739D-4515-9868-5E289F1F3C7D}.Release|Any CPU.ActiveCfg = Release|Any CPU
		{3EBA6A9D-739D-4515-9868-5E289F1F3C7D}.Release|Any CPU.Build.0 = Release|Any CPU
		{FF07B9CA-7FAD-4BCF-8921-AD9386188200}.Debug|Any CPU.ActiveCfg = Debug|Any CPU
		{FF07B9CA-7FAD-4BCF-8921-AD9386188200}.Debug|Any CPU.Build.0 = Debug|Any CPU
		{FF07B9CA-7FAD-4BCF-8921-AD9386188200}.Release|Any CPU.ActiveCfg = Release|Any CPU
		{FF07B9CA-7FAD-4BCF-8921-AD9386188200}.Release|Any CPU.Build.0 = Release|Any CPU
		{156C438F-7220-4A39-BA2D-E30387798B2E}.Debug|Any CPU.ActiveCfg = Debug|Any CPU
		{156C438F-7220-4A39-BA2D-E30387798B2E}.Debug|Any CPU.Build.0 = Debug|Any CPU
		{156C438F-7220-4A39-BA2D-E30387798B2E}.Release|Any CPU.ActiveCfg = Release|Any CPU
		{156C438F-7220-4A39-BA2D-E30387798B2E}.Release|Any CPU.Build.0 = Release|Any CPU
	EndGlobalSection
	GlobalSection(SolutionProperties) = preSolution
		HideSolutionNode = FALSE
	EndGlobalSection
	GlobalSection(ExtensibilityGlobals) = postSolution
		SolutionGuid = {3A1B2AD6-55A6-4EC4-84BB-B0D3036A98FC}
	EndGlobalSection
EndGlobal
